
Microsoft Visual Studio Solution File, Format Version 12.00
# Visual Studio 15
VisualStudioVersion = 15.0.26124.0
MinimumVisualStudioVersion = 15.0.26124.0
Project("{FAE04EC0-301F-11D3-BF4B-00C04F79EFBC}") = "library", "library\library.csproj", "{322CF2C6-CCAD-4BEB-914E-3309D732CB5C}"
EndProject
Project("{FAE04EC0-301F-11D3-BF4B-00C04F79EFBC}") = "client", "client\client.csproj", "{A20C4A6A-A314-4A59-9328-E5E17D1C3201}"
EndProject
Project("{FAE04EC0-301F-11D3-BF4B-00C04F79EFBC}") = "hw", "hw\hw.csproj", "{AE3A4CCA-D76B-4013-A57E-7E822C611B80}"
EndProject
Project("{FAE04EC0-301F-11D3-BF4B-00C04F79EFBC}") = "api", "api\api.csproj", "{B9393593-B121-4D46-9692-E9580881DB10}"
EndProject
Global
	GlobalSection(SolutionConfigurationPlatforms) = preSolution
		Debug|Any CPU = Debug|Any CPU
		Debug|x64 = Debug|x64
		Debug|x86 = Debug|x86
		Release|Any CPU = Release|Any CPU
		Release|x64 = Release|x64
		Release|x86 = Release|x86
	EndGlobalSection
	GlobalSection(SolutionProperties) = preSolution
		HideSolutionNode = FALSE
	EndGlobalSection
	GlobalSection(ProjectConfigurationPlatforms) = postSolution
		{322CF2C6-CCAD-4BEB-914E-3309D732CB5C}.Debug|Any CPU.ActiveCfg = Debug|Any CPU
		{322CF2C6-CCAD-4BEB-914E-3309D732CB5C}.Debug|Any CPU.Build.0 = Debug|Any CPU
		{322CF2C6-CCAD-4BEB-914E-3309D732CB5C}.Debug|x64.ActiveCfg = Debug|Any CPU
		{322CF2C6-CCAD-4BEB-914E-3309D732CB5C}.Debug|x64.Build.0 = Debug|Any CPU
		{322CF2C6-CCAD-4BEB-914E-3309D732CB5C}.Debug|x86.ActiveCfg = Debug|Any CPU
		{322CF2C6-CCAD-4BEB-914E-3309D732CB5C}.Debug|x86.Build.0 = Debug|Any CPU
		{322CF2C6-CCAD-4BEB-914E-3309D732CB5C}.Release|Any CPU.ActiveCfg = Release|Any CPU
		{322CF2C6-CCAD-4BEB-914E-3309D732CB5C}.Release|Any CPU.Build.0 = Release|Any CPU
		{322CF2C6-CCAD-4BEB-914E-3309D732CB5C}.Release|x64.ActiveCfg = Release|Any CPU
		{322CF2C6-CCAD-4BEB-914E-3309D732CB5C}.Release|x64.Build.0 = Release|Any CPU
		{322CF2C6-CCAD-4BEB-914E-3309D732CB5C}.Release|x86.ActiveCfg = Release|Any CPU
		{322CF2C6-CCAD-4BEB-914E-3309D732CB5C}.Release|x86.Build.0 = Release|Any CPU
		{A20C4A6A-A314-4A59-9328-E5E17D1C3201}.Debug|Any CPU.ActiveCfg = Debug|Any CPU
		{A20C4A6A-A314-4A59-9328-E5E17D1C3201}.Debug|Any CPU.Build.0 = Debug|Any CPU
		{A20C4A6A-A314-4A59-9328-E5E17D1C3201}.Debug|x64.ActiveCfg = Debug|Any CPU
		{A20C4A6A-A314-4A59-9328-E5E17D1C3201}.Debug|x64.Build.0 = Debug|Any CPU
		{A20C4A6A-A314-4A59-9328-E5E17D1C3201}.Debug|x86.ActiveCfg = Debug|Any CPU
		{A20C4A6A-A314-4A59-9328-E5E17D1C3201}.Debug|x86.Build.0 = Debug|Any CPU
		{A20C4A6A-A314-4A59-9328-E5E17D1C3201}.Release|Any CPU.ActiveCfg = Release|Any CPU
		{A20C4A6A-A314-4A59-9328-E5E17D1C3201}.Release|Any CPU.Build.0 = Release|Any CPU
		{A20C4A6A-A314-4A59-9328-E5E17D1C3201}.Release|x64.ActiveCfg = Release|Any CPU
		{A20C4A6A-A314-4A59-9328-E5E17D1C3201}.Release|x64.Build.0 = Release|Any CPU
		{A20C4A6A-A314-4A59-9328-E5E17D1C3201}.Release|x86.ActiveCfg = Release|Any CPU
		{A20C4A6A-A314-4A59-9328-E5E17D1C3201}.Release|x86.Build.0 = Release|Any CPU
		{AE3A4CCA-D76B-4013-A57E-7E822C611B80}.Debug|Any CPU.ActiveCfg = Debug|Any CPU
		{AE3A4CCA-D76B-4013-A57E-7E822C611B80}.Debug|Any CPU.Build.0 = Debug|Any CPU
		{AE3A4CCA-D76B-4013-A57E-7E822C611B80}.Debug|x64.ActiveCfg = Debug|Any CPU
		{AE3A4CCA-D76B-4013-A57E-7E822C611B80}.Debug|x64.Build.0 = Debug|Any CPU
		{AE3A4CCA-D76B-4013-A57E-7E822C611B80}.Debug|x86.ActiveCfg = Debug|Any CPU
		{AE3A4CCA-D76B-4013-A57E-7E822C611B80}.Debug|x86.Build.0 = Debug|Any CPU
		{AE3A4CCA-D76B-4013-A57E-7E822C611B80}.Release|Any CPU.ActiveCfg = Release|Any CPU
		{AE3A4CCA-D76B-4013-A57E-7E822C611B80}.Release|Any CPU.Build.0 = Release|Any CPU
		{AE3A4CCA-D76B-4013-A57E-7E822C611B80}.Release|x64.ActiveCfg = Release|Any CPU
		{AE3A4CCA-D76B-4013-A57E-7E822C611B80}.Release|x64.Build.0 = Release|Any CPU
		{AE3A4CCA-D76B-4013-A57E-7E822C611B80}.Release|x86.ActiveCfg = Release|Any CPU
		{AE3A4CCA-D76B-4013-A57E-7E822C611B80}.Release|x86.Build.0 = Release|Any CPU
		{B9393593-B121-4D46-9692-E9580881DB10}.Debug|Any CPU.ActiveCfg = Debug|Any CPU
		{B9393593-B121-4D46-9692-E9580881DB10}.Debug|Any CPU.Build.0 = Debug|Any CPU
		{B9393593-B121-4D46-9692-E9580881DB10}.Debug|x64.ActiveCfg = Debug|Any CPU
		{B9393593-B121-4D46-9692-E9580881DB10}.Debug|x64.Build.0 = Debug|Any CPU
		{B9393593-B121-4D46-9692-E9580881DB10}.Debug|x86.ActiveCfg = Debug|Any CPU
		{B9393593-B121-4D46-9692-E9580881DB10}.Debug|x86.Build.0 = Debug|Any CPU
		{B9393593-B121-4D46-9692-E9580881DB10}.Release|Any CPU.ActiveCfg = Release|Any CPU
		{B9393593-B121-4D46-9692-E9580881DB10}.Release|Any CPU.Build.0 = Release|Any CPU
		{B9393593-B121-4D46-9692-E9580881DB10}.Release|x64.ActiveCfg = Release|Any CPU
		{B9393593-B121-4D46-9692-E9580881DB10}.Release|x64.Build.0 = Release|Any CPU
		{B9393593-B121-4D46-9692-E9580881DB10}.Release|x86.ActiveCfg = Release|Any CPU
		{B9393593-B121-4D46-9692-E9580881DB10}.Release|x86.Build.0 = Release|Any CPU
	EndGlobalSection
EndGlobal
